
Microsoft Visual Studio Solution File, Format Version 12.00
# Visual Studio Version 16
VisualStudioVersion = 16.0.34301.259
MinimumVisualStudioVersion = 10.0.40219.1
Project("{FAE04EC0-301F-11D3-BF4B-00C04F79EFBC}") = "TextGame", "TextGame.csproj", "{F788B6CB-931C-4491-922E-46DA3335D027}"
EndProject
Global
	GlobalSection(SolutionConfigurationPlatforms) = preSolution
		Debug|Any CPU = Debug|Any CPU
		Release|Any CPU = Release|Any CPU
	EndGlobalSection
	GlobalSection(ProjectConfigurationPlatforms) = postSolution
		{F788B6CB-931C-4491-922E-46DA3335D027}.Debug|Any CPU.ActiveCfg = Debug|Any CPU
		{F788B6CB-931C-4491-922E-46DA3335D027}.Debug|Any CPU.Build.0 = Debug|Any CPU
		{F788B6CB-931C-4491-922E-46DA3335D027}.Release|Any CPU.ActiveCfg = Release|Any CPU
		{F788B6CB-931C-4491-922E-46DA3335D027}.Release|Any CPU.Build.0 = Release|Any CPU
	EndGlobalSection
	GlobalSection(SolutionProperties) = preSolution
		HideSolutionNode = FALSE
	EndGlobalSection
	GlobalSection(ExtensibilityGlobals) = postSolution
		SolutionGuid = {7DFC954A-D024-41B9-A57A-FBD09EC7EE88}
	EndGlobalSection
EndGlobal
